
Microsoft Visual Studio Solution File, Format Version 12.00
# Visual Studio Version 17
VisualStudioVersion = 17.1.32210.238
MinimumVisualStudioVersion = 10.0.40219.1
Project("{9A19103F-16F7-4668-BE54-9A1E7A4F7556}") = "List-and-Dictionary", "List-and-Dictionary\List-and-Dictionary.csproj", "{E168830F-9FBD-49A0-BA6D-A2D2F807B62E}"
EndProject
Project("{9A19103F-16F7-4668-BE54-9A1E7A4F7556}") = "Queue-Stack-Hashtable", "Queue-Stack-Hashtable\Queue-Stack-Hashtable.csproj", "{FE72F0BC-B19B-4397-BE40-FA9827FAD1A9}"
EndProject
Project("{9A19103F-16F7-4668-BE54-9A1E7A4F7556}") = "Delegates", "Delegates\Delegates.csproj", "{9DE98846-9901-4D22-A3FA-96E5C0931F49}"
EndProject
Project("{9A19103F-16F7-4668-BE54-9A1E7A4F7556}") = "Generics", "Generics\Generics.csproj", "{E2EA3043-3567-42F9-8B68-BA364310DB43}"
EndProject
Project("{9A19103F-16F7-4668-BE54-9A1E7A4F7556}") = "Abstract-classes", "Abstract-classes\Abstract-classes.csproj", "{FB4D6079-B1A2-46CA-AD3C-381282D30A3C}"
EndProject
Project("{9A19103F-16F7-4668-BE54-9A1E7A4F7556}") = "Classes-and-Constructors", "Classes-and-Constructors\Classes-and-Constructors.csproj", "{8E92A86A-90CA-4EB9-95D9-BEEF106FEB1A}"
EndProject
Project("{9A19103F-16F7-4668-BE54-9A1E7A4F7556}") = "Anonymous-and-Nullable-Types", "Anonymous-and-Nullable-Types\Anonymous-and-Nullable-Types.csproj", "{DC8C1740-45DA-4CFA-A883-128542F5F101}"
EndProject
Project("{FAE04EC0-301F-11D3-BF4B-00C04F79EFBC}") = "Structures", "Structures\Structures.csproj", "{4928F5F2-1F07-4FF7-B36A-2093F7C45E71}"
EndProject
Global
	GlobalSection(SolutionConfigurationPlatforms) = preSolution
		Debug|Any CPU = Debug|Any CPU
		Release|Any CPU = Release|Any CPU
	EndGlobalSection
	GlobalSection(ProjectConfigurationPlatforms) = postSolution
		{E168830F-9FBD-49A0-BA6D-A2D2F807B62E}.Debug|Any CPU.ActiveCfg = Debug|Any CPU
		{E168830F-9FBD-49A0-BA6D-A2D2F807B62E}.Debug|Any CPU.Build.0 = Debug|Any CPU
		{E168830F-9FBD-49A0-BA6D-A2D2F807B62E}.Release|Any CPU.ActiveCfg = Release|Any CPU
		{E168830F-9FBD-49A0-BA6D-A2D2F807B62E}.Release|Any CPU.Build.0 = Release|Any CPU
		{FE72F0BC-B19B-4397-BE40-FA9827FAD1A9}.Debug|Any CPU.ActiveCfg = Debug|Any CPU
		{FE72F0BC-B19B-4397-BE40-FA9827FAD1A9}.Debug|Any CPU.Build.0 = Debug|Any CPU
		{FE72F0BC-B19B-4397-BE40-FA9827FAD1A9}.Release|Any CPU.ActiveCfg = Release|Any CPU
		{FE72F0BC-B19B-4397-BE40-FA9827FAD1A9}.Release|Any CPU.Build.0 = Release|Any CPU
		{9DE98846-9901-4D22-A3FA-96E5C0931F49}.Debug|Any CPU.ActiveCfg = Debug|Any CPU
		{9DE98846-9901-4D22-A3FA-96E5C0931F49}.Debug|Any CPU.Build.0 = Debug|Any CPU
		{9DE98846-9901-4D22-A3FA-96E5C0931F49}.Release|Any CPU.ActiveCfg = Release|Any CPU
		{9DE98846-9901-4D22-A3FA-96E5C0931F49}.Release|Any CPU.Build.0 = Release|Any CPU
		{E2EA3043-3567-42F9-8B68-BA364310DB43}.Debug|Any CPU.ActiveCfg = Debug|Any CPU
		{E2EA3043-3567-42F9-8B68-BA364310DB43}.Debug|Any CPU.Build.0 = Debug|Any CPU
		{E2EA3043-3567-42F9-8B68-BA364310DB43}.Release|Any CPU.ActiveCfg = Release|Any CPU
		{E2EA3043-3567-42F9-8B68-BA364310DB43}.Release|Any CPU.Build.0 = Release|Any CPU
		{FB4D6079-B1A2-46CA-AD3C-381282D30A3C}.Debug|Any CPU.ActiveCfg = Debug|Any CPU
		{FB4D6079-B1A2-46CA-AD3C-381282D30A3C}.Debug|Any CPU.Build.0 = Debug|Any CPU
		{FB4D6079-B1A2-46CA-AD3C-381282D30A3C}.Release|Any CPU.ActiveCfg = Release|Any CPU
		{FB4D6079-B1A2-46CA-AD3C-381282D30A3C}.Release|Any CPU.Build.0 = Release|Any CPU
		{8E92A86A-90CA-4EB9-95D9-BEEF106FEB1A}.Debug|Any CPU.ActiveCfg = Debug|Any CPU
		{8E92A86A-90CA-4EB9-95D9-BEEF106FEB1A}.Debug|Any CPU.Build.0 = Debug|Any CPU
		{8E92A86A-90CA-4EB9-95D9-BEEF106FEB1A}.Release|Any CPU.ActiveCfg = Release|Any CPU
		{8E92A86A-90CA-4EB9-95D9-BEEF106FEB1A}.Release|Any CPU.Build.0 = Release|Any CPU
		{DC8C1740-45DA-4CFA-A883-128542F5F101}.Debug|Any CPU.ActiveCfg = Debug|Any CPU
		{DC8C1740-45DA-4CFA-A883-128542F5F101}.Debug|Any CPU.Build.0 = Debug|Any CPU
		{DC8C1740-45DA-4CFA-A883-128542F5F101}.Release|Any CPU.ActiveCfg = Release|Any CPU
		{DC8C1740-45DA-4CFA-A883-128542F5F101}.Release|Any CPU.Build.0 = Release|Any CPU
		{4928F5F2-1F07-4FF7-B36A-2093F7C45E71}.Debug|Any CPU.ActiveCfg = Debug|Any CPU
		{4928F5F2-1F07-4FF7-B36A-2093F7C45E71}.Debug|Any CPU.Build.0 = Debug|Any CPU
		{4928F5F2-1F07-4FF7-B36A-2093F7C45E71}.Release|Any CPU.ActiveCfg = Release|Any CPU
		{4928F5F2-1F07-4FF7-B36A-2093F7C45E71}.Release|Any CPU.Build.0 = Release|Any CPU
	EndGlobalSection
	GlobalSection(SolutionProperties) = preSolution
		HideSolutionNode = FALSE
	EndGlobalSection
	GlobalSection(ExtensibilityGlobals) = postSolution
		SolutionGuid = {5E6EB56D-F2EB-4FF2-A33C-9BD0BEC52933}
	EndGlobalSection
EndGlobal
